
Microsoft Visual Studio Solution File, Format Version 12.00
# Visual Studio Version 16
VisualStudioVersion = 16.0.30523.141
MinimumVisualStudioVersion = 10.0.40219.1
Project("{FAE04EC0-301F-11D3-BF4B-00C04F79EFBC}") = "SearchForlder", "SearchForlder.csproj", "{47BB5E3A-EECD-4AD2-8C1C-84B1FF9F9C8D}"
EndProject
Global
	GlobalSection(SolutionConfigurationPlatforms) = preSolution
		Debug|Any CPU = Debug|Any CPU
		Release|Any CPU = Release|Any CPU
	EndGlobalSection
	GlobalSection(ProjectConfigurationPlatforms) = postSolution
		{47BB5E3A-EECD-4AD2-8C1C-84B1FF9F9C8D}.Debug|Any CPU.ActiveCfg = Debug|Any CPU
		{47BB5E3A-EECD-4AD2-8C1C-84B1FF9F9C8D}.Debug|Any CPU.Build.0 = Debug|Any CPU
		{47BB5E3A-EECD-4AD2-8C1C-84B1FF9F9C8D}.Release|Any CPU.ActiveCfg = Release|Any CPU
		{47BB5E3A-EECD-4AD2-8C1C-84B1FF9F9C8D}.Release|Any CPU.Build.0 = Release|Any CPU
	EndGlobalSection
	GlobalSection(SolutionProperties) = preSolution
		HideSolutionNode = FALSE
	EndGlobalSection
	GlobalSection(ExtensibilityGlobals) = postSolution
		SolutionGuid = {C295B4D2-DB72-44DC-AF11-059B8E0A20BB}
	EndGlobalSection
EndGlobal
